// !$*UTF8*$!
{
	archiveVersion = 1;
	classes = {
	};
	objectVersion = 50;
	objects = {

/* Begin PBXBuildFile section */
		C164282824E630DC00664F78 /* AppDelegate.swift in Sources */ = {isa = PBXBuildFile; fileRef = C164282724E630DC00664F78 /* AppDelegate.swift */; };
		C164282C24E630DC00664F78 /* ViewController.swift in Sources */ = {isa = PBXBuildFile; fileRef = C164282B24E630DC00664F78 /* ViewController.swift */; };
		C164282F24E630DC00664F78 /* Main.storyboard in Resources */ = {isa = PBXBuildFile; fileRef = C164282D24E630DC00664F78 /* Main.storyboard */; };
		C164283124E630DE00664F78 /* Assets.xcassets in Resources */ = {isa = PBXBuildFile; fileRef = C164283024E630DE00664F78 /* Assets.xcassets */; };
		C164283424E630DE00664F78 /* LaunchScreen.storyboard in Resources */ = {isa = PBXBuildFile; fileRef = C164283224E630DE00664F78 /* LaunchScreen.storyboard */; };
		C164286124E632A400664F78 /* LICENSE in Resources */ = {isa = PBXBuildFile; fileRef = C164283C24E632A400664F78 /* LICENSE */; };
		C164286224E632A400664F78 /* ConstraintMultiplierTarget.swift in Sources */ = {isa = PBXBuildFile; fileRef = C164283E24E632A400664F78 /* ConstraintMultiplierTarget.swift */; };
		C164286324E632A400664F78 /* LayoutConstraintItem.swift in Sources */ = {isa = PBXBuildFile; fileRef = C164283F24E632A400664F78 /* LayoutConstraintItem.swift */; };
		C164286424E632A400664F78 /* ConstraintDescription.swift in Sources */ = {isa = PBXBuildFile; fileRef = C164284024E632A400664F78 /* ConstraintDescription.swift */; };
		C164286524E632A400664F78 /* ConstraintMakerPriortizable.swift in Sources */ = {isa = PBXBuildFile; fileRef = C164284124E632A400664F78 /* ConstraintMakerPriortizable.swift */; };
		C164286624E632A400664F78 /* ConstraintAttributes.swift in Sources */ = {isa = PBXBuildFile; fileRef = C164284224E632A400664F78 /* ConstraintAttributes.swift */; };
		C164286724E632A400664F78 /* ConstraintViewDSL.swift in Sources */ = {isa = PBXBuildFile; fileRef = C164284324E632A400664F78 /* ConstraintViewDSL.swift */; };
		C164286824E632A400664F78 /* ConstraintPriorityTarget.swift in Sources */ = {isa = PBXBuildFile; fileRef = C164284424E632A400664F78 /* ConstraintPriorityTarget.swift */; };
		C164286924E632A400664F78 /* ConstraintInsets.swift in Sources */ = {isa = PBXBuildFile; fileRef = C164284524E632A400664F78 /* ConstraintInsets.swift */; };
		C164286A24E632A400664F78 /* ConstraintMakerFinalizable.swift in Sources */ = {isa = PBXBuildFile; fileRef = C164284624E632A400664F78 /* ConstraintMakerFinalizable.swift */; };
		C164286B24E632A400664F78 /* ConstraintDSL.swift in Sources */ = {isa = PBXBuildFile; fileRef = C164284724E632A400664F78 /* ConstraintDSL.swift */; };
		C164286C24E632A400664F78 /* ConstraintMakerExtendable.swift in Sources */ = {isa = PBXBuildFile; fileRef = C164284824E632A400664F78 /* ConstraintMakerExtendable.swift */; };
		C164286D24E632A400664F78 /* ConstraintPriority.swift in Sources */ = {isa = PBXBuildFile; fileRef = C164284924E632A400664F78 /* ConstraintPriority.swift */; };
		C164286E24E632A400664F78 /* ConstraintInsetTarget.swift in Sources */ = {isa = PBXBuildFile; fileRef = C164284A24E632A400664F78 /* ConstraintInsetTarget.swift */; };
		C164286F24E632A400664F78 /* ConstraintConfig.swift in Sources */ = {isa = PBXBuildFile; fileRef = C164284B24E632A400664F78 /* ConstraintConfig.swift */; };
		C164287024E632A400664F78 /* UILayoutSupport+Extensions.swift in Sources */ = {isa = PBXBuildFile; fileRef = C164284C24E632A400664F78 /* UILayoutSupport+Extensions.swift */; };
		C164287124E632A400664F78 /* ConstraintView.swift in Sources */ = {isa = PBXBuildFile; fileRef = C164284D24E632A400664F78 /* ConstraintView.swift */; };
		C164287224E632A400664F78 /* ConstraintLayoutGuide.swift in Sources */ = {isa = PBXBuildFile; fileRef = C164284E24E632A400664F78 /* ConstraintLayoutGuide.swift */; };
		C164287324E632A400664F78 /* ConstraintLayoutSupport.swift in Sources */ = {isa = PBXBuildFile; fileRef = C164284F24E632A400664F78 /* ConstraintLayoutSupport.swift */; };
		C164287424E632A400664F78 /* Typealiases.swift in Sources */ = {isa = PBXBuildFile; fileRef = C164285024E632A400664F78 /* Typealiases.swift */; };
		C164287524E632A400664F78 /* ConstraintConstantTarget.swift in Sources */ = {isa = PBXBuildFile; fileRef = C164285124E632A400664F78 /* ConstraintConstantTarget.swift */; };
		C164287624E632A400664F78 /* ConstraintOffsetTarget.swift in Sources */ = {isa = PBXBuildFile; fileRef = C164285224E632A400664F78 /* ConstraintOffsetTarget.swift */; };
		C164287724E632A400664F78 /* ConstraintMakerEditable.swift in Sources */ = {isa = PBXBuildFile; fileRef = C164285324E632A400664F78 /* ConstraintMakerEditable.swift */; };
		C164287824E632A400664F78 /* ConstraintMaker.swift in Sources */ = {isa = PBXBuildFile; fileRef = C164285424E632A400664F78 /* ConstraintMaker.swift */; };
		C164287924E632A400664F78 /* ConstraintRelation.swift in Sources */ = {isa = PBXBuildFile; fileRef = C164285524E632A400664F78 /* ConstraintRelation.swift */; };
		C164287A24E632A400664F78 /* ConstraintLayoutGuideDSL.swift in Sources */ = {isa = PBXBuildFile; fileRef = C164285624E632A400664F78 /* ConstraintLayoutGuideDSL.swift */; };
		C164287B24E632A400664F78 /* ConstraintView+Extensions.swift in Sources */ = {isa = PBXBuildFile; fileRef = C164285724E632A400664F78 /* ConstraintView+Extensions.swift */; };
		C164287C24E632A400664F78 /* ConstraintItem.swift in Sources */ = {isa = PBXBuildFile; fileRef = C164285824E632A400664F78 /* ConstraintItem.swift */; };
		C164287D24E632A400664F78 /* Constraint.swift in Sources */ = {isa = PBXBuildFile; fileRef = C164285924E632A400664F78 /* Constraint.swift */; };
		C164287E24E632A400664F78 /* Debugging.swift in Sources */ = {isa = PBXBuildFile; fileRef = C164285A24E632A400664F78 /* Debugging.swift */; };
		C164287F24E632A400664F78 /* ConstraintRelatableTarget.swift in Sources */ = {isa = PBXBuildFile; fileRef = C164285B24E632A400664F78 /* ConstraintRelatableTarget.swift */; };
		C164288024E632A400664F78 /* LayoutConstraint.swift in Sources */ = {isa = PBXBuildFile; fileRef = C164285C24E632A400664F78 /* LayoutConstraint.swift */; };
		C164288124E632A400664F78 /* ConstraintLayoutGuide+Extensions.swift in Sources */ = {isa = PBXBuildFile; fileRef = C164285D24E632A400664F78 /* ConstraintLayoutGuide+Extensions.swift */; };
		C164288224E632A400664F78 /* ConstraintLayoutSupportDSL.swift in Sources */ = {isa = PBXBuildFile; fileRef = C164285E24E632A400664F78 /* ConstraintLayoutSupportDSL.swift */; };
		C164288324E632A400664F78 /* ConstraintMakerRelatable.swift in Sources */ = {isa = PBXBuildFile; fileRef = C164285F24E632A400664F78 /* ConstraintMakerRelatable.swift */; };
		C164288424E632A400664F78 /* README.md in Resources */ = {isa = PBXBuildFile; fileRef = C164286024E632A400664F78 /* README.md */; };
		C164288624E63E2D00664F78 /* SecondController.swift in Sources */ = {isa = PBXBuildFile; fileRef = C164288524E63E2D00664F78 /* SecondController.swift */; };
		C164288824EA501300664F78 /* YYGuideLoginView.swift in Sources */ = {isa = PBXBuildFile; fileRef = C164288724EA501300664F78 /* YYGuideLoginView.swift */; };
/* End PBXBuildFile section */

/* Begin PBXFileReference section */
		C164282424E630DC00664F78 /* Demo.app */ = {isa = PBXFileReference; explicitFileType = wrapper.application; includeInIndex = 0; path = Demo.app; sourceTree = BUILT_PRODUCTS_DIR; };
		C164282724E630DC00664F78 /* AppDelegate.swift */ = {isa = PBXFileReference; lastKnownFileType = sourcecode.swift; path = AppDelegate.swift; sourceTree = "<group>"; };
		C164282B24E630DC00664F78 /* ViewController.swift */ = {isa = PBXFileReference; lastKnownFileType = sourcecode.swift; path = ViewController.swift; sourceTree = "<group>"; };
		C164282E24E630DC00664F78 /* Base */ = {isa = PBXFileReference; lastKnownFileType = file.storyboard; name = Base; path = Base.lproj/Main.storyboard; sourceTree = "<group>"; };
		C164283024E630DE00664F78 /* Assets.xcassets */ = {isa = PBXFileReference; lastKnownFileType = folder.assetcatalog; path = Assets.xcassets; sourceTree = "<group>"; };
		C164283324E630DE00664F78 /* Base */ = {isa = PBXFileReference; lastKnownFileType = file.storyboard; name = Base; path = Base.lproj/LaunchScreen.storyboard; sourceTree = "<group>"; };
		C164283524E630DE00664F78 /* Info.plist */ = {isa = PBXFileReference; lastKnownFileType = text.plist.xml; path = Info.plist; sourceTree = "<group>"; };
		C164283C24E632A400664F78 /* LICENSE */ = {isa = PBXFileReference; fileEncoding = 4; lastKnownFileType = text; path = LICENSE; sourceTree = "<group>"; };
		C164283E24E632A400664F78 /* ConstraintMultiplierTarget.swift */ = {isa = PBXFileReference; fileEncoding = 4; lastKnownFileType = sourcecode.swift; path = ConstraintMultiplierTarget.swift; sourceTree = "<group>"; };
		C164283F24E632A400664F78 /* LayoutConstraintItem.swift */ = {isa = PBXFileReference; fileEncoding = 4; lastKnownFileType = sourcecode.swift; path = LayoutConstraintItem.swift; sourceTree = "<group>"; };
		C164284024E632A400664F78 /* ConstraintDescription.swift */ = {isa = PBXFileReference; fileEncoding = 4; lastKnownFileType = sourcecode.swift; path = ConstraintDescription.swift; sourceTree = "<group>"; };
		C164284124E632A400664F78 /* ConstraintMakerPriortizable.swift */ = {isa = PBXFileReference; fileEncoding = 4; lastKnownFileType = sourcecode.swift; path = ConstraintMakerPriortizable.swift; sourceTree = "<group>"; };
		C164284224E632A400664F78 /* ConstraintAttributes.swift */ = {isa = PBXFileReference; fileEncoding = 4; lastKnownFileType = sourcecode.swift; path = ConstraintAttributes.swift; sourceTree = "<group>"; };
		C164284324E632A400664F78 /* ConstraintViewDSL.swift */ = {isa = PBXFileReference; fileEncoding = 4; lastKnownFileType = sourcecode.swift; path = ConstraintViewDSL.swift; sourceTree = "<group>"; };
		C164284424E632A400664F78 /* ConstraintPriorityTarget.swift */ = {isa = PBXFileReference; fileEncoding = 4; lastKnownFileType = sourcecode.swift; path = ConstraintPriorityTarget.swift; sourceTree = "<group>"; };
		C164284524E632A400664F78 /* ConstraintInsets.swift */ = {isa = PBXFileReference; fileEncoding = 4; lastKnownFileType = sourcecode.swift; path = ConstraintInsets.swift; sourceTree = "<group>"; };
		C164284624E632A400664F78 /* ConstraintMakerFinalizable.swift */ = {isa = PBXFileReference; fileEncoding = 4; lastKnownFileType = sourcecode.swift; path = ConstraintMakerFinalizable.swift; sourceTree = "<group>"; };
		C164284724E632A400664F78 /* ConstraintDSL.swift */ = {isa = PBXFileReference; fileEncoding = 4; lastKnownFileType = sourcecode.swift; path = ConstraintDSL.swift; sourceTree = "<group>"; };
		C164284824E632A400664F78 /* ConstraintMakerExtendable.swift */ = {isa = PBXFileReference; fileEncoding = 4; lastKnownFileType = sourcecode.swift; path = ConstraintMakerExtendable.swift; sourceTree = "<group>"; };
		C164284924E632A400664F78 /* ConstraintPriority.swift */ = {isa = PBXFileReference; fileEncoding = 4; lastKnownFileType = sourcecode.swift; path = ConstraintPriority.swift; sourceTree = "<group>"; };
		C164284A24E632A400664F78 /* ConstraintInsetTarget.swift */ = {isa = PBXFileReference; fileEncoding = 4; lastKnownFileType = sourcecode.swift; path = ConstraintInsetTarget.swift; sourceTree = "<group>"; };
		C164284B24E632A400664F78 /* ConstraintConfig.swift */ = {isa = PBXFileReference; fileEncoding = 4; lastKnownFileType = sourcecode.swift; path = ConstraintConfig.swift; sourceTree = "<group>"; };
		C164284C24E632A400664F78 /* UILayoutSupport+Extensions.swift */ = {isa = PBXFileReference; fileEncoding = 4; lastKnownFileType = sourcecode.swift; path = "UILayoutSupport+Extensions.swift"; sourceTree = "<group>"; };
		C164284D24E632A400664F78 /* ConstraintView.swift */ = {isa = PBXFileReference; fileEncoding = 4; lastKnownFileType = sourcecode.swift; path = ConstraintView.swift; sourceTree = "<group>"; };
		C164284E24E632A400664F78 /* ConstraintLayoutGuide.swift */ = {isa = PBXFileReference; fileEncoding = 4; lastKnownFileType = sourcecode.swift; path = ConstraintLayoutGuide.swift; sourceTree = "<group>"; };
		C164284F24E632A400664F78 /* ConstraintLayoutSupport.swift */ = {isa = PBXFileReference; fileEncoding = 4; lastKnownFileType = sourcecode.swift; path = ConstraintLayoutSupport.swift; sourceTree = "<group>"; };
		C164285024E632A400664F78 /* Typealiases.swift */ = {isa = PBXFileReference; fileEncoding = 4; lastKnownFileType = sourcecode.swift; path = Typealiases.swift; sourceTree = "<group>"; };
		C164285124E632A400664F78 /* ConstraintConstantTarget.swift */ = {isa = PBXFileReference; fileEncoding = 4; lastKnownFileType = sourcecode.swift; path = ConstraintConstantTarget.swift; sourceTree = "<group>"; };
		C164285224E632A400664F78 /* ConstraintOffsetTarget.swift */ = {isa = PBXFileReference; fileEncoding = 4; lastKnownFileType = sourcecode.swift; path = ConstraintOffsetTarget.swift; sourceTree = "<group>"; };
		C164285324E632A400664F78 /* ConstraintMakerEditable.swift */ = {isa = PBXFileReference; fileEncoding = 4; lastKnownFileType = sourcecode.swift; path = ConstraintMakerEditable.swift; sourceTree = "<group>"; };
		C164285424E632A400664F78 /* ConstraintMaker.swift */ = {isa = PBXFileReference; fileEncoding = 4; lastKnownFileType = sourcecode.swift; path = ConstraintMaker.swift; sourceTree = "<group>"; };
		C164285524E632A400664F78 /* ConstraintRelation.swift */ = {isa = PBXFileReference; fileEncoding = 4; lastKnownFileType = sourcecode.swift; path = ConstraintRelation.swift; sourceTree = "<group>"; };
		C164285624E632A400664F78 /* ConstraintLayoutGuideDSL.swift */ = {isa = PBXFileReference; fileEncoding = 4; lastKnownFileType = sourcecode.swift; path = ConstraintLayoutGuideDSL.swift; sourceTree = "<group>"; };
		C164285724E632A400664F78 /* ConstraintView+Extensions.swift */ = {isa = PBXFileReference; fileEncoding = 4; lastKnownFileType = sourcecode.swift; path = "ConstraintView+Extensions.swift"; sourceTree = "<group>"; };
		C164285824E632A400664F78 /* ConstraintItem.swift */ = {isa = PBXFileReference; fileEncoding = 4; lastKnownFileType = sourcecode.swift; path = ConstraintItem.swift; sourceTree = "<group>"; };
		C164285924E632A400664F78 /* Constraint.swift */ = {isa = PBXFileReference; fileEncoding = 4; lastKnownFileType = sourcecode.swift; path = Constraint.swift; sourceTree = "<group>"; };
		C164285A24E632A400664F78 /* Debugging.swift */ = {isa = PBXFileReference; fileEncoding = 4; lastKnownFileType = sourcecode.swift; path = Debugging.swift; sourceTree = "<group>"; };
		C164285B24E632A400664F78 /* ConstraintRelatableTarget.swift */ = {isa = PBXFileReference; fileEncoding = 4; lastKnownFileType = sourcecode.swift; path = ConstraintRelatableTarget.swift; sourceTree = "<group>"; };
		C164285C24E632A400664F78 /* LayoutConstraint.swift */ = {isa = PBXFileReference; fileEncoding = 4; lastKnownFileType = sourcecode.swift; path = LayoutConstraint.swift; sourceTree = "<group>"; };
		C164285D24E632A400664F78 /* ConstraintLayoutGuide+Extensions.swift */ = {isa = PBXFileReference; fileEncoding = 4; lastKnownFileType = sourcecode.swift; path = "ConstraintLayoutGuide+Extensions.swift"; sourceTree = "<group>"; };
		C164285E24E632A400664F78 /* ConstraintLayoutSupportDSL.swift */ = {isa = PBXFileReference; fileEncoding = 4; lastKnownFileType = sourcecode.swift; path = ConstraintLayoutSupportDSL.swift; sourceTree = "<group>"; };
		C164285F24E632A400664F78 /* ConstraintMakerRelatable.swift */ = {isa = PBXFileReference; fileEncoding = 4; lastKnownFileType = sourcecode.swift; path = ConstraintMakerRelatable.swift; sourceTree = "<group>"; };
		C164286024E632A400664F78 /* README.md */ = {isa = PBXFileReference; fileEncoding = 4; lastKnownFileType = net.daringfireball.markdown; path = README.md; sourceTree = "<group>"; };
		C164288524E63E2D00664F78 /* SecondController.swift */ = {isa = PBXFileReference; lastKnownFileType = sourcecode.swift; path = SecondController.swift; sourceTree = "<group>"; };
		C164288724EA501300664F78 /* YYGuideLoginView.swift */ = {isa = PBXFileReference; lastKnownFileType = sourcecode.swift; path = YYGuideLoginView.swift; sourceTree = "<group>"; };
/* End PBXFileReference section */

/* Begin PBXFrameworksBuildPhase section */
		C164282124E630DC00664F78 /* Frameworks */ = {
			isa = PBXFrameworksBuildPhase;
			buildActionMask = 2147483647;
			files = (
			);
			runOnlyForDeploymentPostprocessing = 0;
		};
/* End PBXFrameworksBuildPhase section */

/* Begin PBXGroup section */
		C164281B24E630DC00664F78 = {
			isa = PBXGroup;
			children = (
				C164283B24E632A400664F78 /* SnapKit */,
				C164282624E630DC00664F78 /* Demo */,
				C164282524E630DC00664F78 /* Products */,
			);
			sourceTree = "<group>";
		};
		C164282524E630DC00664F78 /* Products */ = {
			isa = PBXGroup;
			children = (
				C164282424E630DC00664F78 /* Demo.app */,
			);
			name = Products;
			sourceTree = "<group>";
		};
		C164282624E630DC00664F78 /* Demo */ = {
			isa = PBXGroup;
			children = (
				C164282724E630DC00664F78 /* AppDelegate.swift */,
				C164282B24E630DC00664F78 /* ViewController.swift */,
				C164288524E63E2D00664F78 /* SecondController.swift */,
				C164288724EA501300664F78 /* YYGuideLoginView.swift */,
				C164282D24E630DC00664F78 /* Main.storyboard */,
				C164283024E630DE00664F78 /* Assets.xcassets */,
				C164283224E630DE00664F78 /* LaunchScreen.storyboard */,
				C164283524E630DE00664F78 /* Info.plist */,
			);
			path = Demo;
			sourceTree = "<group>";
		};
		C164283B24E632A400664F78 /* SnapKit */ = {
			isa = PBXGroup;
			children = (
				C164283C24E632A400664F78 /* LICENSE */,
				C164283D24E632A400664F78 /* Source */,
				C164286024E632A400664F78 /* README.md */,
			);
			path = SnapKit;
			sourceTree = "<group>";
		};
		C164283D24E632A400664F78 /* Source */ = {
			isa = PBXGroup;
			children = (
				C164283E24E632A400664F78 /* ConstraintMultiplierTarget.swift */,
				C164283F24E632A400664F78 /* LayoutConstraintItem.swift */,
				C164284024E632A400664F78 /* ConstraintDescription.swift */,
				C164284124E632A400664F78 /* ConstraintMakerPriortizable.swift */,
				C164284224E632A400664F78 /* ConstraintAttributes.swift */,
				C164284324E632A400664F78 /* ConstraintViewDSL.swift */,
				C164284424E632A400664F78 /* ConstraintPriorityTarget.swift */,
				C164284524E632A400664F78 /* ConstraintInsets.swift */,
				C164284624E632A400664F78 /* ConstraintMakerFinalizable.swift */,
				C164284724E632A400664F78 /* ConstraintDSL.swift */,
				C164284824E632A400664F78 /* ConstraintMakerExtendable.swift */,
				C164284924E632A400664F78 /* ConstraintPriority.swift */,
				C164284A24E632A400664F78 /* ConstraintInsetTarget.swift */,
				C164284B24E632A400664F78 /* ConstraintConfig.swift */,
				C164284C24E632A400664F78 /* UILayoutSupport+Extensions.swift */,
				C164284D24E632A400664F78 /* ConstraintView.swift */,
				C164284E24E632A400664F78 /* ConstraintLayoutGuide.swift */,
				C164284F24E632A400664F78 /* ConstraintLayoutSupport.swift */,
				C164285024E632A400664F78 /* Typealiases.swift */,
				C164285124E632A400664F78 /* ConstraintConstantTarget.swift */,
				C164285224E632A400664F78 /* ConstraintOffsetTarget.swift */,
				C164285324E632A400664F78 /* ConstraintMakerEditable.swift */,
				C164285424E632A400664F78 /* ConstraintMaker.swift */,
				C164285524E632A400664F78 /* ConstraintRelation.swift */,
				C164285624E632A400664F78 /* ConstraintLayoutGuideDSL.swift */,
				C164285724E632A400664F78 /* ConstraintView+Extensions.swift */,
				C164285824E632A400664F78 /* ConstraintItem.swift */,
				C164285924E632A400664F78 /* Constraint.swift */,
				C164285A24E632A400664F78 /* Debugging.swift */,
				C164285B24E632A400664F78 /* ConstraintRelatableTarget.swift */,
				C164285C24E632A400664F78 /* LayoutConstraint.swift */,
				C164285D24E632A400664F78 /* ConstraintLayoutGuide+Extensions.swift */,
				C164285E24E632A400664F78 /* ConstraintLayoutSupportDSL.swift */,
				C164285F24E632A400664F78 /* ConstraintMakerRelatable.swift */,
			);
			path = Source;
			sourceTree = "<group>";
		};
/* End PBXGroup section */

/* Begin PBXNativeTarget section */
		C164282324E630DC00664F78 /* Demo */ = {
			isa = PBXNativeTarget;
			buildConfigurationList = C164283824E630DE00664F78 /* Build configuration list for PBXNativeTarget "Demo" */;
			buildPhases = (
				C164282024E630DC00664F78 /* Sources */,
				C164282124E630DC00664F78 /* Frameworks */,
				C164282224E630DC00664F78 /* Resources */,
			);
			buildRules = (
			);
			dependencies = (
			);
			name = Demo;
			productName = Demo;
			productReference = C164282424E630DC00664F78 /* Demo.app */;
			productType = "com.apple.product-type.application";
		};
/* End PBXNativeTarget section */

/* Begin PBXProject section */
		C164281C24E630DC00664F78 /* Project object */ = {
			isa = PBXProject;
			attributes = {
				LastSwiftUpdateCheck = 1150;
				LastUpgradeCheck = 1150;
				ORGANIZATIONNAME = zoro;
				TargetAttributes = {
					C164282324E630DC00664F78 = {
						CreatedOnToolsVersion = 11.5;
					};
				};
			};
			buildConfigurationList = C164281F24E630DC00664F78 /* Build configuration list for PBXProject "Demo" */;
			compatibilityVersion = "Xcode 9.3";
			developmentRegion = en;
			hasScannedForEncodings = 0;
			knownRegions = (
				en,
				Base,
			);
			mainGroup = C164281B24E630DC00664F78;
			productRefGroup = C164282524E630DC00664F78 /* Products */;
			projectDirPath = "";
			projectRoot = "";
			targets = (
				C164282324E630DC00664F78 /* Demo */,
			);
		};
/* End PBXProject section */

/* Begin PBXResourcesBuildPhase section */
		C164282224E630DC00664F78 /* Resources */ = {
			isa = PBXResourcesBuildPhase;
			buildActionMask = 2147483647;
			files = (
				C164283424E630DE00664F78 /* LaunchScreen.storyboard in Resources */,
				C164283124E630DE00664F78 /* Assets.xcassets in Resources */,
				C164288424E632A400664F78 /* README.md in Resources */,
				C164286124E632A400664F78 /* LICENSE in Resources */,
				C164282F24E630DC00664F78 /* Main.storyboard in Resources */,
			);
			runOnlyForDeploymentPostprocessing = 0;
		};
/* End PBXResourcesBuildPhase section */

/* Begin PBXSourcesBuildPhase section */
		C164282024E630DC00664F78 /* Sources */ = {
			isa = PBXSourcesBuildPhase;
			buildActionMask = 2147483647;
			files = (
				C164286224E632A400664F78 /* ConstraintMultiplierTarget.swift in Sources */,
				C164287024E632A400664F78 /* UILayoutSupport+Extensions.swift in Sources */,
				C164288324E632A400664F78 /* ConstraintMakerRelatable.swift in Sources */,
				C164287424E632A400664F78 /* Typealiases.swift in Sources */,
				C164282C24E630DC00664F78 /* ViewController.swift in Sources */,
				C164287624E632A400664F78 /* ConstraintOffsetTarget.swift in Sources */,
				C164287224E632A400664F78 /* ConstraintLayoutGuide.swift in Sources */,
				C164286B24E632A400664F78 /* ConstraintDSL.swift in Sources */,
				C164286624E632A400664F78 /* ConstraintAttributes.swift in Sources */,
				C164286E24E632A400664F78 /* ConstraintInsetTarget.swift in Sources */,
				C164286524E632A400664F78 /* ConstraintMakerPriortizable.swift in Sources */,
				C164287324E632A400664F78 /* ConstraintLayoutSupport.swift in Sources */,
				C164286A24E632A400664F78 /* ConstraintMakerFinalizable.swift in Sources */,
				C164282824E630DC00664F78 /* AppDelegate.swift in Sources */,
				C164288124E632A400664F78 /* ConstraintLayoutGuide+Extensions.swift in Sources */,
				C164288224E632A400664F78 /* ConstraintLayoutSupportDSL.swift in Sources */,
				C164287124E632A400664F78 /* ConstraintView.swift in Sources */,
				C164287524E632A400664F78 /* ConstraintConstantTarget.swift in Sources */,
				C164287724E632A400664F78 /* ConstraintMakerEditable.swift in Sources */,
				C164286724E632A400664F78 /* ConstraintViewDSL.swift in Sources */,
				C164286D24E632A400664F78 /* ConstraintPriority.swift in Sources */,
				C164287F24E632A400664F78 /* ConstraintRelatableTarget.swift in Sources */,
				C164287D24E632A400664F78 /* Constraint.swift in Sources */,
				C164288824EA501300664F78 /* YYGuideLoginView.swift in Sources */,
				C164286324E632A400664F78 /* LayoutConstraintItem.swift in Sources */,
				C164286824E632A400664F78 /* ConstraintPriorityTarget.swift in Sources */,
				C164286F24E632A400664F78 /* ConstraintConfig.swift in Sources */,
				C164288024E632A400664F78 /* LayoutConstraint.swift in Sources */,
				C164287824E632A400664F78 /* ConstraintMaker.swift in Sources */,
				C164287E24E632A400664F78 /* Debugging.swift in Sources */,
				C164286924E632A400664F78 /* ConstraintInsets.swift in Sources */,
				C164286424E632A400664F78 /* ConstraintDescription.swift in Sources */,
				C164287924E632A400664F78 /* ConstraintRelation.swift in Sources */,
				C164288624E63E2D00664F78 /* SecondController.swift in Sources */,
				C164287B24E632A400664F78 /* ConstraintView+Extensions.swift in Sources */,
				C164286C24E632A400664F78 /* ConstraintMakerExtendable.swift in Sources */,
				C164287A24E632A400664F78 /* ConstraintLayoutGuideDSL.swift in Sources */,
				C164287C24E632A400664F78 /* ConstraintItem.swift in Sources */,
			);
			runOnlyForDeploymentPostprocessing = 0;
		};
/* End PBXSourcesBuildPhase section */

/* Begin PBXVariantGroup section */
		C164282D24E630DC00664F78 /* Main.storyboard */ = {
			isa = PBXVariantGroup;
			children = (
				C164282E24E630DC00664F78 /* Base */,
			);
			name = Main.storyboard;
			sourceTree = "<group>";
		};
		C164283224E630DE00664F78 /* LaunchScreen.storyboard */ = {
			isa = PBXVariantGroup;
			children = (
				C164283324E630DE00664F78 /* Base */,
			);
			name = LaunchScreen.storyboard;
			sourceTree = "<group>";
		};
/* End PBXVariantGroup section */

/* Begin XCBuildConfiguration section */
		C164283624E630DE00664F78 /* Debug */ = {
			isa = XCBuildConfiguration;
			buildSettings = {
				ALWAYS_SEARCH_USER_PATHS = NO;
				CLANG_ANALYZER_NONNULL = YES;
				CLANG_ANALYZER_NUMBER_OBJECT_CONVERSION = YES_AGGRESSIVE;
				CLANG_CXX_LANGUAGE_STANDARD = "gnu++14";
				CLANG_CXX_LIBRARY = "libc++";
				CLANG_ENABLE_MODULES = YES;
				CLANG_ENABLE_OBJC_ARC = YES;
				CLANG_ENABLE_OBJC_WEAK = YES;
				CLANG_WARN_BLOCK_CAPTURE_AUTORELEASING = YES;
				CLANG_WARN_BOOL_CONVERSION = YES;
				CLANG_WARN_COMMA = YES;
				CLANG_WARN_CONSTANT_CONVERSION = YES;
				CLANG_WARN_DEPRECATED_OBJC_IMPLEMENTATIONS = YES;
				CLANG_WARN_DIRECT_OBJC_ISA_USAGE = YES_ERROR;
				CLANG_WARN_DOCUMENTATION_COMMENTS = YES;
				CLANG_WARN_EMPTY_BODY = YES;
				CLANG_WARN_ENUM_CONVERSION = YES;
				CLANG_WARN_INFINITE_RECURSION = YES;
				CLANG_WARN_INT_CONVERSION = YES;
				CLANG_WARN_NON_LITERAL_NULL_CONVERSION = YES;
				CLANG_WARN_OBJC_IMPLICIT_RETAIN_SELF = YES;
				CLANG_WARN_OBJC_LITERAL_CONVERSION = YES;
				CLANG_WARN_OBJC_ROOT_CLASS = YES_ERROR;
				CLANG_WARN_RANGE_LOOP_ANALYSIS = YES;
				CLANG_WARN_STRICT_PROTOTYPES = YES;
				CLANG_WARN_SUSPICIOUS_MOVE = YES;
				CLANG_WARN_UNGUARDED_AVAILABILITY = YES_AGGRESSIVE;
				CLANG_WARN_UNREACHABLE_CODE = YES;
				CLANG_WARN__DUPLICATE_METHOD_MATCH = YES;
				COPY_PHASE_STRIP = NO;
				DEBUG_INFORMATION_FORMAT = dwarf;
				ENABLE_STRICT_OBJC_MSGSEND = YES;
				ENABLE_TESTABILITY = YES;
				GCC_C_LANGUAGE_STANDARD = gnu11;
				GCC_DYNAMIC_NO_PIC = NO;
				GCC_NO_COMMON_BLOCKS = YES;
				GCC_OPTIMIZATION_LEVEL = 0;
				GCC_PREPROCESSOR_DEFINITIONS = (
					"DEBUG=1",
					"$(inherited)",
				);
				GCC_WARN_64_TO_32_BIT_CONVERSION = YES;
				GCC_WARN_ABOUT_RETURN_TYPE = YES_ERROR;
				GCC_WARN_UNDECLARED_SELECTOR = YES;
				GCC_WARN_UNINITIALIZED_AUTOS = YES_AGGRESSIVE;
				GCC_WARN_UNUSED_FUNCTION = YES;
				GCC_WARN_UNUSED_VARIABLE = YES;
				IPHONEOS_DEPLOYMENT_TARGET = 13.5;
				MTL_ENABLE_DEBUG_INFO = INCLUDE_SOURCE;
				MTL_FAST_MATH = YES;
				ONLY_ACTIVE_ARCH = YES;
				SDKROOT = iphoneos;
				SWIFT_ACTIVE_COMPILATION_CONDITIONS = DEBUG;
				SWIFT_OPTIMIZATION_LEVEL = "-Onone";
			};
			name = Debug;
		};
		C164283724E630DE00664F78 /* Release */ = {
			isa = XCBuildConfiguration;
			buildSettings = {
				ALWAYS_SEARCH_USER_PATHS = NO;
				CLANG_ANALYZER_NONNULL = YES;
				CLANG_ANALYZER_NUMBER_OBJECT_CONVERSION = YES_AGGRESSIVE;
				CLANG_CXX_LANGUAGE_STANDARD = "gnu++14";
				CLANG_CXX_LIBRARY = "libc++";
				CLANG_ENABLE_MODULES = YES;
				CLANG_ENABLE_OBJC_ARC = YES;
				CLANG_ENABLE_OBJC_WEAK = YES;
				CLANG_WARN_BLOCK_CAPTURE_AUTORELEASING = YES;
				CLANG_WARN_BOOL_CONVERSION = YES;
				CLANG_WARN_COMMA = YES;
				CLANG_WARN_CONSTANT_CONVERSION = YES;
				CLANG_WARN_DEPRECATED_OBJC_IMPLEMENTATIONS = YES;
				CLANG_WARN_DIRECT_OBJC_ISA_USAGE = YES_ERROR;
				CLANG_WARN_DOCUMENTATION_COMMENTS = YES;
				CLANG_WARN_EMPTY_BODY = YES;
				CLANG_WARN_ENUM_CONVERSION = YES;
				CLANG_WARN_INFINITE_RECURSION = YES;
				CLANG_WARN_INT_CONVERSION = YES;
				CLANG_WARN_NON_LITERAL_NULL_CONVERSION = YES;
				CLANG_WARN_OBJC_IMPLICIT_RETAIN_SELF = YES;
				CLANG_WARN_OBJC_LITERAL_CONVERSION = YES;
				CLANG_WARN_OBJC_ROOT_CLASS = YES_ERROR;
				CLANG_WARN_RANGE_LOOP_ANALYSIS = YES;
				CLANG_WARN_STRICT_PROTOTYPES = YES;
				CLANG_WARN_SUSPICIOUS_MOVE = YES;
				CLANG_WARN_UNGUARDED_AVAILABILITY = YES_AGGRESSIVE;
				CLANG_WARN_UNREACHABLE_CODE = YES;
				CLANG_WARN__DUPLICATE_METHOD_MATCH = YES;
				COPY_PHASE_STRIP = NO;
				DEBUG_INFORMATION_FORMAT = "dwarf-with-dsym";
				ENABLE_NS_ASSERTIONS = NO;
				ENABLE_STRICT_OBJC_MSGSEND = YES;
				GCC_C_LANGUAGE_STANDARD = gnu11;
				GCC_NO_COMMON_BLOCKS = YES;
				GCC_WARN_64_TO_32_BIT_CONVERSION = YES;
				GCC_WARN_ABOUT_RETURN_TYPE = YES_ERROR;
				GCC_WARN_UNDECLARED_SELECTOR = YES;
				GCC_WARN_UNINITIALIZED_AUTOS = YES_AGGRESSIVE;
				GCC_WARN_UNUSED_FUNCTION = YES;
				GCC_WARN_UNUSED_VARIABLE = YES;
				IPHONEOS_DEPLOYMENT_TARGET = 13.5;
				MTL_ENABLE_DEBUG_INFO = NO;
				MTL_FAST_MATH = YES;
				SDKROOT = iphoneos;
				SWIFT_COMPILATION_MODE = wholemodule;
				SWIFT_OPTIMIZATION_LEVEL = "-O";
				VALIDATE_PRODUCT = YES;
			};
			name = Release;
		};
		C164283924E630DE00664F78 /* Debug */ = {
			isa = XCBuildConfiguration;
			buildSettings = {
				ASSETCATALOG_COMPILER_APPICON_NAME = AppIcon;
				CODE_SIGN_STYLE = Automatic;
				INFOPLIST_FILE = Demo/Info.plist;
				LD_RUNPATH_SEARCH_PATHS = (
					"$(inherited)",
					"@executable_path/Frameworks",
				);
				PRODUCT_BUNDLE_IDENTIFIER = km.zoro.cn.demo1.Demo;
				PRODUCT_NAME = "$(TARGET_NAME)";
				SWIFT_VERSION = 5.0;
				TARGETED_DEVICE_FAMILY = "1,2";
			};
			name = Debug;
		};
		C164283A24E630DE00664F78 /* Release */ = {
			isa = XCBuildConfiguration;
			buildSettings = {
				ASSETCATALOG_COMPILER_APPICON_NAME = AppIcon;
				CODE_SIGN_STYLE = Automatic;
				INFOPLIST_FILE = Demo/Info.plist;
				LD_RUNPATH_SEARCH_PATHS = (
					"$(inherited)",
					"@executable_path/Frameworks",
				);
				PRODUCT_BUNDLE_IDENTIFIER = km.zoro.cn.demo1.Demo;
				PRODUCT_NAME = "$(TARGET_NAME)";
				SWIFT_VERSION = 5.0;
				TARGETED_DEVICE_FAMILY = "1,2";
			};
			name = Release;
		};
/* End XCBuildConfiguration section */

/* Begin XCConfigurationList section */
		C164281F24E630DC00664F78 /* Build configuration list for PBXProject "Demo" */ = {
			isa = XCConfigurationList;
			buildConfigurations = (
				C164283624E630DE00664F78 /* Debug */,
				C164283724E630DE00664F78 /* Release */,
			);
			defaultConfigurationIsVisible = 0;
			defaultConfigurationName = Release;
		};
		C164283824E630DE00664F78 /* Build configuration list for PBXNativeTarget "Demo" */ = {
			isa = XCConfigurationList;
			buildConfigurations = (
				C164283924E630DE00664F78 /* Debug */,
				C164283A24E630DE00664F78 /* Release */,
			);
			defaultConfigurationIsVisible = 0;
			defaultConfigurationName = Release;
		};
/* End XCConfigurationList section */
	};
	rootObject = C164281C24E630DC00664F78 /* Project object */;
}
